# THIS IS AN AUTOGENERATED FILE. DO NOT EDIT THIS FILE DIRECTLY.
# yarn lockfile v1


bluebird@^3.5.0:
  version "3.5.4"
  resolved "https://registry.yarnpkg.com/bluebird/-/bluebird-3.5.4.tgz#d6cc661595de30d5b3af5fcedd3c0b3ef6ec5714"
  integrity sha512-FG+nFEZChJrbQ9tIccIfZJBz3J7mLrAhxakAbnrJWn8d7aKOC+LWifa0G+p4ZqKp4y13T7juYvdhq9NzKdsrjw==

lodash@^4.17.11:
  version "4.17.11"
  resolved "https://registry.yarnpkg.com/lodash/-/lodash-4.17.11.tgz#b39ea6229ef607ecd89e2c8df12536891cac9b8d"
  integrity sha512-cQKh8igo5QUhZ7lg38DYWAxMvjSAKG0A8wGSVimP07SIUEK2UO+arSRKbRZWtelMtN5V0Hkwh5ryOto/SshYIg==

psl@^1.1.28:
  version "1.1.31"
  resolved "https://registry.yarnpkg.com/psl/-/psl-1.1.31.tgz#e9aa86d0101b5b105cbe93ac6b784cd547276184"
  integrity sha512-/6pt4+C+T+wZUieKR620OpzN/LlnNKuWjy1iFLQ/UG35JqHlR/89MP1d96dUfkf6Dne3TuLQzOYEYshJ+Hx8mw==

punycode@^2.1.1:
  version "2.1.1"
  resolved "https://registry.yarnpkg.com/punycode/-/punycode-2.1.1.tgz#b58b010ac40c22c5657616c8d2c2c02c7bf479ec"
  integrity sha512-XRsRjdf+j5ml+y/6GKHPZbrF/8p2Yga0JPtdqTIY2Xe5ohJPD9saDJJLPvp9+NSBprVvevdXZybnj2cv8OEd0A==

request-promise-core@1.1.2:
  version "1.1.2"
  resolved "https://registry.yarnpkg.com/request-promise-core/-/request-promise-core-1.1.2.tgz#339f6aababcafdb31c799ff158700336301d3346"
  integrity sha512-UHYyq1MO8GsefGEt7EprS8UrXsm1TxEvFUX1IMTuSLU2Rh7fTIdFtl8xD7JiEYiWU2dl+NYAjCTksTehQUxPag==
  dependencies:
    lodash "^4.17.11"

request-promise@^4.2.4:
  version "4.2.4"
  resolved "https://registry.yarnpkg.com/request-promise/-/request-promise-4.2.4.tgz#1c5ed0d71441e38ad58c7ce4ea4ea5b06d54b310"
  integrity sha512-8wgMrvE546PzbR5WbYxUQogUnUDfM0S7QIFZMID+J73vdFARkFy+HElj4T+MWYhpXwlLp0EQ8Zoj8xUA0he4Vg==
  dependencies:
    bluebird "^3.5.0"
    request-promise-core "1.1.2"
    stealthy-require "^1.1.1"
    tough-cookie "^2.3.3"

stealthy-require@^1.1.1:
  version "1.1.1"
  resolved "https://registry.yarnpkg.com/stealthy-require/-/stealthy-require-1.1.1.tgz#35b09875b4ff49f26a777e509b3090a3226bf24b"
  integrity sha1-NbCYdbT/SfJqd35QmzCQoyJr8ks=

tough-cookie@^2.3.3:
  version "2.5.0"
  resolved "https://registry.yarnpkg.com/tough-cookie/-/tough-cookie-2.5.0.tgz#cd9fb2a0aa1d5a12b473bd9fb96fa3dcff65ade2"
  integrity sha512-nlLsUzgm1kfLXSXfRZMc1KLAugd4hqJHDTvc2hDIwS3mZAfMEuMbc03SujMF+GEcpaX/qboeycw6iO8JwVv2+g==
  dependencies:
    psl "^1.1.28"
    punycode "^2.1.1"
